
Microsoft Visual Studio Solution File, Format Version 12.00
# Visual Studio 15
VisualStudioVersion = 15.0.27130.2027
MinimumVisualStudioVersion = 10.0.40219.1
Project("{FAE04EC0-301F-11D3-BF4B-00C04F79EFBC}") = "AWS2018", "AWS2018\AWS2018.csproj", "{C35B324E-E0BD-4845-836A-7CA6C008060E}"
EndProject
Project("{FAE04EC0-301F-11D3-BF4B-00C04F79EFBC}") = "AWS2018.Test", "AWS2018.Test\AWS2018.Test.csproj", "{8B0B10FE-2659-401D-AE0A-DBDDD03A5E15}"
EndProject
Global
	GlobalSection(SolutionConfigurationPlatforms) = preSolution
		Debug|Any CPU = Debug|Any CPU
		Debug|x86 = Debug|x86
		Release|Any CPU = Release|Any CPU
		Release|x86 = Release|x86
	EndGlobalSection
	GlobalSection(ProjectConfigurationPlatforms) = postSolution
		{C35B324E-E0BD-4845-836A-7CA6C008060E}.Debug|Any CPU.ActiveCfg = Debug|Any CPU
		{C35B324E-E0BD-4845-836A-7CA6C008060E}.Debug|Any CPU.Build.0 = Debug|Any CPU
		{C35B324E-E0BD-4845-836A-7CA6C008060E}.Debug|x86.ActiveCfg = Debug|x86
		{C35B324E-E0BD-4845-836A-7CA6C008060E}.Debug|x86.Build.0 = Debug|x86
		{C35B324E-E0BD-4845-836A-7CA6C008060E}.Release|Any CPU.ActiveCfg = Release|Any CPU
		{C35B324E-E0BD-4845-836A-7CA6C008060E}.Release|Any CPU.Build.0 = Release|Any CPU
		{C35B324E-E0BD-4845-836A-7CA6C008060E}.Release|x86.ActiveCfg = Release|x86
		{C35B324E-E0BD-4845-836A-7CA6C008060E}.Release|x86.Build.0 = Release|x86
		{8B0B10FE-2659-401D-AE0A-DBDDD03A5E15}.Debug|Any CPU.ActiveCfg = Debug|Any CPU
		{8B0B10FE-2659-401D-AE0A-DBDDD03A5E15}.Debug|Any CPU.Build.0 = Debug|Any CPU
		{8B0B10FE-2659-401D-AE0A-DBDDD03A5E15}.Debug|x86.ActiveCfg = Debug|x86
		{8B0B10FE-2659-401D-AE0A-DBDDD03A5E15}.Debug|x86.Build.0 = Debug|x86
		{8B0B10FE-2659-401D-AE0A-DBDDD03A5E15}.Release|Any CPU.ActiveCfg = Release|Any CPU
		{8B0B10FE-2659-401D-AE0A-DBDDD03A5E15}.Release|Any CPU.Build.0 = Release|Any CPU
		{8B0B10FE-2659-401D-AE0A-DBDDD03A5E15}.Release|x86.ActiveCfg = Release|x86
		{8B0B10FE-2659-401D-AE0A-DBDDD03A5E15}.Release|x86.Build.0 = Release|x86
	EndGlobalSection
	GlobalSection(SolutionProperties) = preSolution
		HideSolutionNode = FALSE
	EndGlobalSection
	GlobalSection(ExtensibilityGlobals) = postSolution
		SolutionGuid = {ACB60103-B0E5-419D-83B5-1E4F89072167}
	EndGlobalSection
EndGlobal
